<?xml version="1.0" encoding="utf-8"?>
<Project ToolsVersion="4.0" xmlns="http://schemas.microsoft.com/developer/msbuild/2003">
  <ItemGroup>
    <ClInclude Include="pch.h" />
    <ClInclude Include="framework.h" />
    <ClInclude Include="Core\Export.h">
      <Filter>Core</Filter>
    </ClInclude>
    <ClInclude Include="Core\Debug.h">
      <Filter>Core</Filter>
    </ClInclude>
    <ClInclude Include="Core\MemoryMappedFile.h">
      <Filter>Core</Filter>
    </ClInclude>
    <ClInclude Include="Core\Types.h">
      <Filter>Core</Filter>
    </ClInclude>
    <ClInclude Include="Core\ToolTask.h">
      <Filter>Core</Filter>
    </ClInclude>
    <ClInclude Include="Core\Detours.h">
      <Filter>Core</Filter>
    </ClInclude>
  </ItemGroup>
  <ItemGroup>
    <ClCompile Include="pch.cpp" />
    <ClCompile Include="dllmain.cpp" />
    <ClCompile Include="Core\Debug.cpp">
      <Filter>Core</Filter>
    </ClCompile>
    <ClCompile Include="Core\MemoryMappedFile.cpp">
      <Filter>Core</Filter>
    </ClCompile>
    <ClCompile Include="Core\ToolTask.cpp">
      <Filter>Core</Filter>
    </ClCompile>
    <ClCompile Include="Core\Detours.cpp">
      <Filter>Core</Filter>
    </ClCompile>
    <ClCompile Include="Core\Export.cpp">
      <Filter>Core</Filter>
    </ClCompile>
  </ItemGroup>
  <ItemGroup>
    <Filter Include="Core">
      <UniqueIdentifier>{f141e1fb-858f-47ea-9f93-6cf35394e108}</UniqueIdentifier>
    </Filter>
  </ItemGroup>
</Project>