<?xml version="1.0" encoding="utf-8"?>
<Project ToolsVersion="4.0" xmlns="http://schemas.microsoft.com/developer/msbuild/2003">
  <ItemGroup>
    <ClInclude Include="pch.h" />
    <ClInclude Include="framework.h" />
    <ClInclude Include="Core\Export.h">
      <Filter>Core</Filter>
    </ClInclude>
    <ClInclude Include="Core\Debug.h">
      <Filter>Core</Filter>
    </ClInclude>
    <ClInclude Include="Core\MemoryMappedFile.h">
      <Filter>Core</Filter>
    </ClInclude>
    <ClInclude Include="Core\Types.h">
      <Filter>Core</Filter>
    </ClInclude>
    <ClInclude Include="Core\BuildTask.h">
      <Filter>Core</Filter>
    </ClInclude>
    <ClInclude Include="Core\Detours.h">
      <Filter>Core</Filter>
    </ClInclude>
    <ClInclude Include="Generated\BuildMessage.pb.h">
      <Filter>Generated</Filter>
    </ClInclude>
  </ItemGroup>
  <ItemGroup>
    <ClCompile Include="pch.cpp" />
    <ClCompile Include="dllmain.cpp" />
    <ClCompile Include="Core\Debug.cpp">
      <Filter>Core</Filter>
    </ClCompile>
    <ClCompile Include="Core\MemoryMappedFile.cpp">
      <Filter>Core</Filter>
    </ClCompile>
    <ClCompile Include="Core\BuildTask.cpp">
      <Filter>Core</Filter>
    </ClCompile>
    <ClCompile Include="Core\Detours.cpp">
      <Filter>Core</Filter>
    </ClCompile>
    <ClCompile Include="Generated\BuildMessage.pb.cc">
      <Filter>Generated</Filter>
    </ClCompile>
  </ItemGroup>
  <ItemGroup>
    <Filter Include="Core">
      <UniqueIdentifier>{f141e1fb-858f-47ea-9f93-6cf35394e108}</UniqueIdentifier>
    </Filter>
    <Filter Include="Generated">
      <UniqueIdentifier>{bf6d2e28-3c65-4e23-8ab0-e9000e094f0c}</UniqueIdentifier>
    </Filter>
  </ItemGroup>
</Project>